
Microsoft Visual Studio Solution File, Format Version 11.00
# Visual Studio 2010
Project("{8BC9CEB8-8B4A-11D0-8D11-00A0C91BC942}") = "libpcre", "libpcre\libpcre.vcxproj", "{DA8CB038-FD70-44B5-8ADA-5E32CA9ECACE}"
EndProject
Project("{8BC9CEB8-8B4A-11D0-8D11-00A0C91BC942}") = "pcre_jit_test", "tests\pcre_jit_test\pcre_jit_test.vcxproj", "{056C59D4-CE8D-459D-B160-4986718B2FC7}"
	ProjectSection(ProjectDependencies) = postProject
		{DA8CB038-FD70-44B5-8ADA-5E32CA9ECACE} = {DA8CB038-FD70-44B5-8ADA-5E32CA9ECACE}
		{94D92D6A-221A-486C-85CC-9D0BFFF1C20E} = {94D92D6A-221A-486C-85CC-9D0BFFF1C20E}
		{8DE7AFAB-08EE-436E-BE84-62EA1DE99E4C} = {8DE7AFAB-08EE-436E-BE84-62EA1DE99E4C}
	EndProjectSection
EndProject
Project("{8BC9CEB8-8B4A-11D0-8D11-00A0C91BC942}") = "pcre_scanner_unittest", "tests\pcre_scanner_unittest\pcre_scanner_unittest.vcxproj", "{71A30509-C347-4515-89F9-8618F88039CB}"
	ProjectSection(ProjectDependencies) = postProject
		{3C429F07-54B0-4A7A-86E3-0A29036A28DC} = {3C429F07-54B0-4A7A-86E3-0A29036A28DC}
		{DA8CB038-FD70-44B5-8ADA-5E32CA9ECACE} = {DA8CB038-FD70-44B5-8ADA-5E32CA9ECACE}
	EndProjectSection
EndProject
Project("{8BC9CEB8-8B4A-11D0-8D11-00A0C91BC942}") = "pcre_stringpiece_unittest", "tests\pcre_stringpiece_unittest\pcre_stringpiece_unittest.vcxproj", "{3A5A189F-11DA-4C93-9861-D47AE5D892FC}"
	ProjectSection(ProjectDependencies) = postProject
		{3C429F07-54B0-4A7A-86E3-0A29036A28DC} = {3C429F07-54B0-4A7A-86E3-0A29036A28DC}
	EndProjectSection
EndProject
Project("{8BC9CEB8-8B4A-11D0-8D11-00A0C91BC942}") = "libpcre16", "libpcre16\libpcre16.vcxproj", "{94D92D6A-221A-486C-85CC-9D0BFFF1C20E}"
EndProject
Project("{8BC9CEB8-8B4A-11D0-8D11-00A0C91BC942}") = "libpcre32", "libpcre32\libpcre32.vcxproj", "{8DE7AFAB-08EE-436E-BE84-62EA1DE99E4C}"
EndProject
Project("{8BC9CEB8-8B4A-11D0-8D11-00A0C91BC942}") = "libpcrecpp", "libpcrecpp\libpcrecpp.vcxproj", "{3C429F07-54B0-4A7A-86E3-0A29036A28DC}"
	ProjectSection(ProjectDependencies) = postProject
		{DA8CB038-FD70-44B5-8ADA-5E32CA9ECACE} = {DA8CB038-FD70-44B5-8ADA-5E32CA9ECACE}
	EndProjectSection
EndProject
Project("{8BC9CEB8-8B4A-11D0-8D11-00A0C91BC942}") = "pcrecpp_unittest", "tests\pcrecpp_unittest\pcrecpp_unittest.vcxproj", "{1667E2B6-ECEA-4BCE-9824-4E33C4899B72}"
	ProjectSection(ProjectDependencies) = postProject
		{3C429F07-54B0-4A7A-86E3-0A29036A28DC} = {3C429F07-54B0-4A7A-86E3-0A29036A28DC}
		{DA8CB038-FD70-44B5-8ADA-5E32CA9ECACE} = {DA8CB038-FD70-44B5-8ADA-5E32CA9ECACE}
	EndProjectSection
EndProject
Project("{8BC9CEB8-8B4A-11D0-8D11-00A0C91BC942}") = "pcregrep", "pcregrep\pcregrep.vcxproj", "{80112543-88C9-4354-ADD1-B1A600D65217}"
	ProjectSection(ProjectDependencies) = postProject
		{DA8CB038-FD70-44B5-8ADA-5E32CA9ECACE} = {DA8CB038-FD70-44B5-8ADA-5E32CA9ECACE}
	EndProjectSection
EndProject
Project("{8BC9CEB8-8B4A-11D0-8D11-00A0C91BC942}") = "libpcreposix", "libpcreposix\libpcreposix.vcxproj", "{99DC6502-5AB1-4A52-9E5A-EA9E91EF86C7}"
	ProjectSection(ProjectDependencies) = postProject
		{DA8CB038-FD70-44B5-8ADA-5E32CA9ECACE} = {DA8CB038-FD70-44B5-8ADA-5E32CA9ECACE}
	EndProjectSection
EndProject
Project("{8BC9CEB8-8B4A-11D0-8D11-00A0C91BC942}") = "pcretest", "tests\pcretest\pcretest.vcxproj", "{B72C080E-F1E3-4CD4-9107-4871BAFF6183}"
	ProjectSection(ProjectDependencies) = postProject
		{99DC6502-5AB1-4A52-9E5A-EA9E91EF86C7} = {99DC6502-5AB1-4A52-9E5A-EA9E91EF86C7}
		{DA8CB038-FD70-44B5-8ADA-5E32CA9ECACE} = {DA8CB038-FD70-44B5-8ADA-5E32CA9ECACE}
		{94D92D6A-221A-486C-85CC-9D0BFFF1C20E} = {94D92D6A-221A-486C-85CC-9D0BFFF1C20E}
		{8DE7AFAB-08EE-436E-BE84-62EA1DE99E4C} = {8DE7AFAB-08EE-436E-BE84-62EA1DE99E4C}
	EndProjectSection
EndProject
Project("{2150E333-8FDC-42A3-9474-1A3956D46DE8}") = "tests", "tests", "{C292CA0F-C580-488A-B7CD-8DF1A0D2BEB4}"
EndProject
Project("{8BC9CEB8-8B4A-11D0-8D11-00A0C91BC942}") = "libpcre-static", "libpcre-static\libpcre-static.vcxproj", "{5E70CAAF-437F-4EC1-87F4-D896276AB1E1}"
EndProject
Project("{8BC9CEB8-8B4A-11D0-8D11-00A0C91BC942}") = "libpcre16-static", "libpcre16-static\libpcre16-static.vcxproj", "{A0964D8D-ED36-40CF-BEC8-E7D87457AA97}"
EndProject
Project("{8BC9CEB8-8B4A-11D0-8D11-00A0C91BC942}") = "libpcre32-static", "libpcre32-static\libpcre32-static.vcxproj", "{DDFDFF9B-08DB-4806-B66B-9A488E9891A7}"
EndProject
Project("{8BC9CEB8-8B4A-11D0-8D11-00A0C91BC942}") = "libpcrecpp-static", "libpcrecpp-static\libpcrecpp-static.vcxproj", "{0CD436F0-29A0-441A-B448-1FDA9825EBE6}"
	ProjectSection(ProjectDependencies) = postProject
		{5E70CAAF-437F-4EC1-87F4-D896276AB1E1} = {5E70CAAF-437F-4EC1-87F4-D896276AB1E1}
	EndProjectSection
EndProject
Project("{8BC9CEB8-8B4A-11D0-8D11-00A0C91BC942}") = "pcregrep-static", "pcregrep-static\pcregrep-static.vcxproj", "{98E90475-015E-4D21-BA6D-740ECFE28D54}"
	ProjectSection(ProjectDependencies) = postProject
		{5E70CAAF-437F-4EC1-87F4-D896276AB1E1} = {5E70CAAF-437F-4EC1-87F4-D896276AB1E1}
	EndProjectSection
EndProject
Project("{8BC9CEB8-8B4A-11D0-8D11-00A0C91BC942}") = "libpcreposix-static", "libpcreposix-static\libpcreposix-static.vcxproj", "{DDF26693-559C-49A6-861C-87A14B9D2A7B}"
	ProjectSection(ProjectDependencies) = postProject
		{5E70CAAF-437F-4EC1-87F4-D896276AB1E1} = {5E70CAAF-437F-4EC1-87F4-D896276AB1E1}
	EndProjectSection
EndProject
Project("{8BC9CEB8-8B4A-11D0-8D11-00A0C91BC942}") = "pcre_jit_test-static", "tests\pcre_jit_test-static\pcre_jit_test-static.vcxproj", "{5E117257-24E9-4EFA-9739-FE3A1BC81600}"
	ProjectSection(ProjectDependencies) = postProject
		{A0964D8D-ED36-40CF-BEC8-E7D87457AA97} = {A0964D8D-ED36-40CF-BEC8-E7D87457AA97}
		{DDFDFF9B-08DB-4806-B66B-9A488E9891A7} = {DDFDFF9B-08DB-4806-B66B-9A488E9891A7}
		{5E70CAAF-437F-4EC1-87F4-D896276AB1E1} = {5E70CAAF-437F-4EC1-87F4-D896276AB1E1}
	EndProjectSection
EndProject
Project("{8BC9CEB8-8B4A-11D0-8D11-00A0C91BC942}") = "pcre_scanner_unittest-static", "tests\pcre_scanner_unittest-static\pcre_scanner_unittest-static.vcxproj", "{EDD6C800-3D37-49EF-8115-B50FF1FB0688}"
	ProjectSection(ProjectDependencies) = postProject
		{5E70CAAF-437F-4EC1-87F4-D896276AB1E1} = {5E70CAAF-437F-4EC1-87F4-D896276AB1E1}
		{0CD436F0-29A0-441A-B448-1FDA9825EBE6} = {0CD436F0-29A0-441A-B448-1FDA9825EBE6}
	EndProjectSection
EndProject
Project("{8BC9CEB8-8B4A-11D0-8D11-00A0C91BC942}") = "pcre_stringpiece_unittest-static", "tests\pcre_stringpiece_unittest-static\pcre_stringpiece_unittest-static.vcxproj", "{9C6C2694-D1FE-42DC-A128-D21A1C3E7E77}"
	ProjectSection(ProjectDependencies) = postProject
		{0CD436F0-29A0-441A-B448-1FDA9825EBE6} = {0CD436F0-29A0-441A-B448-1FDA9825EBE6}
	EndProjectSection
EndProject
Project("{8BC9CEB8-8B4A-11D0-8D11-00A0C91BC942}") = "pcrecpp_unittest-static", "tests\pcrecpp_unittest-static\pcrecpp_unittest-static.vcxproj", "{5BAF05ED-2A4A-4F0D-BB7C-E7F2D006C7A2}"
	ProjectSection(ProjectDependencies) = postProject
		{5E70CAAF-437F-4EC1-87F4-D896276AB1E1} = {5E70CAAF-437F-4EC1-87F4-D896276AB1E1}
		{0CD436F0-29A0-441A-B448-1FDA9825EBE6} = {0CD436F0-29A0-441A-B448-1FDA9825EBE6}
	EndProjectSection
EndProject
Project("{8BC9CEB8-8B4A-11D0-8D11-00A0C91BC942}") = "pcretest-static", "tests\pcretest-static\pcretest-static.vcxproj", "{E3D8AC30-C48D-4522-B892-958B2475DDB5}"
	ProjectSection(ProjectDependencies) = postProject
		{A0964D8D-ED36-40CF-BEC8-E7D87457AA97} = {A0964D8D-ED36-40CF-BEC8-E7D87457AA97}
		{DDF26693-559C-49A6-861C-87A14B9D2A7B} = {DDF26693-559C-49A6-861C-87A14B9D2A7B}
		{DDFDFF9B-08DB-4806-B66B-9A488E9891A7} = {DDFDFF9B-08DB-4806-B66B-9A488E9891A7}
		{5E70CAAF-437F-4EC1-87F4-D896276AB1E1} = {5E70CAAF-437F-4EC1-87F4-D896276AB1E1}
	EndProjectSection
EndProject
Global
	GlobalSection(SolutionConfigurationPlatforms) = preSolution
		Debug|Win32 = Debug|Win32
		Debug|x64 = Debug|x64
		Release|Win32 = Release|Win32
		Release|x64 = Release|x64
	EndGlobalSection
	GlobalSection(ProjectConfigurationPlatforms) = postSolution
		{DA8CB038-FD70-44B5-8ADA-5E32CA9ECACE}.Debug|Win32.ActiveCfg = Debug|Win32
		{DA8CB038-FD70-44B5-8ADA-5E32CA9ECACE}.Debug|Win32.Build.0 = Debug|Win32
		{DA8CB038-FD70-44B5-8ADA-5E32CA9ECACE}.Debug|x64.ActiveCfg = Debug|x64
		{DA8CB038-FD70-44B5-8ADA-5E32CA9ECACE}.Debug|x64.Build.0 = Debug|x64
		{DA8CB038-FD70-44B5-8ADA-5E32CA9ECACE}.Release|Win32.ActiveCfg = Release|Win32
		{DA8CB038-FD70-44B5-8ADA-5E32CA9ECACE}.Release|Win32.Build.0 = Release|Win32
		{DA8CB038-FD70-44B5-8ADA-5E32CA9ECACE}.Release|x64.ActiveCfg = Release|x64
		{DA8CB038-FD70-44B5-8ADA-5E32CA9ECACE}.Release|x64.Build.0 = Release|x64
		{056C59D4-CE8D-459D-B160-4986718B2FC7}.Debug|Win32.ActiveCfg = Debug|Win32
		{056C59D4-CE8D-459D-B160-4986718B2FC7}.Debug|Win32.Build.0 = Debug|Win32
		{056C59D4-CE8D-459D-B160-4986718B2FC7}.Debug|x64.ActiveCfg = Debug|x64
		{056C59D4-CE8D-459D-B160-4986718B2FC7}.Debug|x64.Build.0 = Debug|x64
		{056C59D4-CE8D-459D-B160-4986718B2FC7}.Release|Win32.ActiveCfg = Release|Win32
		{056C59D4-CE8D-459D-B160-4986718B2FC7}.Release|Win32.Build.0 = Release|Win32
		{056C59D4-CE8D-459D-B160-4986718B2FC7}.Release|x64.ActiveCfg = Release|x64
		{056C59D4-CE8D-459D-B160-4986718B2FC7}.Release|x64.Build.0 = Release|x64
		{71A30509-C347-4515-89F9-8618F88039CB}.Debug|Win32.ActiveCfg = Debug|Win32
		{71A30509-C347-4515-89F9-8618F88039CB}.Debug|Win32.Build.0 = Debug|Win32
		{71A30509-C347-4515-89F9-8618F88039CB}.Debug|x64.ActiveCfg = Debug|x64
		{71A30509-C347-4515-89F9-8618F88039CB}.Debug|x64.Build.0 = Debug|x64
		{71A30509-C347-4515-89F9-8618F88039CB}.Release|Win32.ActiveCfg = Release|Win32
		{71A30509-C347-4515-89F9-8618F88039CB}.Release|Win32.Build.0 = Release|Win32
		{71A30509-C347-4515-89F9-8618F88039CB}.Release|x64.ActiveCfg = Release|x64
		{71A30509-C347-4515-89F9-8618F88039CB}.Release|x64.Build.0 = Release|x64
		{3A5A189F-11DA-4C93-9861-D47AE5D892FC}.Debug|Win32.ActiveCfg = Debug|Win32
		{3A5A189F-11DA-4C93-9861-D47AE5D892FC}.Debug|Win32.Build.0 = Debug|Win32
		{3A5A189F-11DA-4C93-9861-D47AE5D892FC}.Debug|x64.ActiveCfg = Debug|x64
		{3A5A189F-11DA-4C93-9861-D47AE5D892FC}.Debug|x64.Build.0 = Debug|x64
		{3A5A189F-11DA-4C93-9861-D47AE5D892FC}.Release|Win32.ActiveCfg = Release|Win32
		{3A5A189F-11DA-4C93-9861-D47AE5D892FC}.Release|Win32.Build.0 = Release|Win32
		{3A5A189F-11DA-4C93-9861-D47AE5D892FC}.Release|x64.ActiveCfg = Release|x64
		{3A5A189F-11DA-4C93-9861-D47AE5D892FC}.Release|x64.Build.0 = Release|x64
		{94D92D6A-221A-486C-85CC-9D0BFFF1C20E}.Debug|Win32.ActiveCfg = Debug|Win32
		{94D92D6A-221A-486C-85CC-9D0BFFF1C20E}.Debug|Win32.Build.0 = Debug|Win32
		{94D92D6A-221A-486C-85CC-9D0BFFF1C20E}.Debug|x64.ActiveCfg = Debug|x64
		{94D92D6A-221A-486C-85CC-9D0BFFF1C20E}.Debug|x64.Build.0 = Debug|x64
		{94D92D6A-221A-486C-85CC-9D0BFFF1C20E}.Release|Win32.ActiveCfg = Release|Win32
		{94D92D6A-221A-486C-85CC-9D0BFFF1C20E}.Release|Win32.Build.0 = Release|Win32
		{94D92D6A-221A-486C-85CC-9D0BFFF1C20E}.Release|x64.ActiveCfg = Release|x64
		{94D92D6A-221A-486C-85CC-9D0BFFF1C20E}.Release|x64.Build.0 = Release|x64
		{8DE7AFAB-08EE-436E-BE84-62EA1DE99E4C}.Debug|Win32.ActiveCfg = Debug|Win32
		{8DE7AFAB-08EE-436E-BE84-62EA1DE99E4C}.Debug|Win32.Build.0 = Debug|Win32
		{8DE7AFAB-08EE-436E-BE84-62EA1DE99E4C}.Debug|x64.ActiveCfg = Debug|x64
		{8DE7AFAB-08EE-436E-BE84-62EA1DE99E4C}.Debug|x64.Build.0 = Debug|x64
		{8DE7AFAB-08EE-436E-BE84-62EA1DE99E4C}.Release|Win32.ActiveCfg = Release|Win32
		{8DE7AFAB-08EE-436E-BE84-62EA1DE99E4C}.Release|Win32.Build.0 = Release|Win32
		{8DE7AFAB-08EE-436E-BE84-62EA1DE99E4C}.Release|x64.ActiveCfg = Release|x64
		{8DE7AFAB-08EE-436E-BE84-62EA1DE99E4C}.Release|x64.Build.0 = Release|x64
		{3C429F07-54B0-4A7A-86E3-0A29036A28DC}.Debug|Win32.ActiveCfg = Debug|Win32
		{3C429F07-54B0-4A7A-86E3-0A29036A28DC}.Debug|Win32.Build.0 = Debug|Win32
		{3C429F07-54B0-4A7A-86E3-0A29036A28DC}.Debug|x64.ActiveCfg = Debug|x64
		{3C429F07-54B0-4A7A-86E3-0A29036A28DC}.Debug|x64.Build.0 = Debug|x64
		{3C429F07-54B0-4A7A-86E3-0A29036A28DC}.Release|Win32.ActiveCfg = Release|Win32
		{3C429F07-54B0-4A7A-86E3-0A29036A28DC}.Release|Win32.Build.0 = Release|Win32
		{3C429F07-54B0-4A7A-86E3-0A29036A28DC}.Release|x64.ActiveCfg = Release|x64
		{3C429F07-54B0-4A7A-86E3-0A29036A28DC}.Release|x64.Build.0 = Release|x64
		{1667E2B6-ECEA-4BCE-9824-4E33C4899B72}.Debug|Win32.ActiveCfg = Debug|Win32
		{1667E2B6-ECEA-4BCE-9824-4E33C4899B72}.Debug|Win32.Build.0 = Debug|Win32
		{1667E2B6-ECEA-4BCE-9824-4E33C4899B72}.Debug|x64.ActiveCfg = Debug|x64
		{1667E2B6-ECEA-4BCE-9824-4E33C4899B72}.Debug|x64.Build.0 = Debug|x64
		{1667E2B6-ECEA-4BCE-9824-4E33C4899B72}.Release|Win32.ActiveCfg = Release|Win32
		{1667E2B6-ECEA-4BCE-9824-4E33C4899B72}.Release|Win32.Build.0 = Release|Win32
		{1667E2B6-ECEA-4BCE-9824-4E33C4899B72}.Release|x64.ActiveCfg = Release|x64
		{1667E2B6-ECEA-4BCE-9824-4E33C4899B72}.Release|x64.Build.0 = Release|x64
		{80112543-88C9-4354-ADD1-B1A600D65217}.Debug|Win32.ActiveCfg = Debug|Win32
		{80112543-88C9-4354-ADD1-B1A600D65217}.Debug|Win32.Build.0 = Debug|Win32
		{80112543-88C9-4354-ADD1-B1A600D65217}.Debug|x64.ActiveCfg = Debug|x64
		{80112543-88C9-4354-ADD1-B1A600D65217}.Debug|x64.Build.0 = Debug|x64
		{80112543-88C9-4354-ADD1-B1A600D65217}.Release|Win32.ActiveCfg = Release|Win32
		{80112543-88C9-4354-ADD1-B1A600D65217}.Release|Win32.Build.0 = Release|Win32
		{80112543-88C9-4354-ADD1-B1A600D65217}.Release|x64.ActiveCfg = Release|x64
		{80112543-88C9-4354-ADD1-B1A600D65217}.Release|x64.Build.0 = Release|x64
		{99DC6502-5AB1-4A52-9E5A-EA9E91EF86C7}.Debug|Win32.ActiveCfg = Debug|Win32
		{99DC6502-5AB1-4A52-9E5A-EA9E91EF86C7}.Debug|Win32.Build.0 = Debug|Win32
		{99DC6502-5AB1-4A52-9E5A-EA9E91EF86C7}.Debug|x64.ActiveCfg = Debug|x64
		{99DC6502-5AB1-4A52-9E5A-EA9E91EF86C7}.Debug|x64.Build.0 = Debug|x64
		{99DC6502-5AB1-4A52-9E5A-EA9E91EF86C7}.Release|Win32.ActiveCfg = Release|Win32
		{99DC6502-5AB1-4A52-9E5A-EA9E91EF86C7}.Release|Win32.Build.0 = Release|Win32
		{99DC6502-5AB1-4A52-9E5A-EA9E91EF86C7}.Release|x64.ActiveCfg = Release|x64
		{99DC6502-5AB1-4A52-9E5A-EA9E91EF86C7}.Release|x64.Build.0 = Release|x64
		{B72C080E-F1E3-4CD4-9107-4871BAFF6183}.Debug|Win32.ActiveCfg = Debug|Win32
		{B72C080E-F1E3-4CD4-9107-4871BAFF6183}.Debug|Win32.Build.0 = Debug|Win32
		{B72C080E-F1E3-4CD4-9107-4871BAFF6183}.Debug|x64.ActiveCfg = Debug|x64
		{B72C080E-F1E3-4CD4-9107-4871BAFF6183}.Debug|x64.Build.0 = Debug|x64
		{B72C080E-F1E3-4CD4-9107-4871BAFF6183}.Release|Win32.ActiveCfg = Release|Win32
		{B72C080E-F1E3-4CD4-9107-4871BAFF6183}.Release|Win32.Build.0 = Release|Win32
		{B72C080E-F1E3-4CD4-9107-4871BAFF6183}.Release|x64.ActiveCfg = Release|x64
		{B72C080E-F1E3-4CD4-9107-4871BAFF6183}.Release|x64.Build.0 = Release|x64
		{5E70CAAF-437F-4EC1-87F4-D896276AB1E1}.Debug|Win32.ActiveCfg = Debug|Win32
		{5E70CAAF-437F-4EC1-87F4-D896276AB1E1}.Debug|Win32.Build.0 = Debug|Win32
		{5E70CAAF-437F-4EC1-87F4-D896276AB1E1}.Debug|x64.ActiveCfg = Debug|x64
		{5E70CAAF-437F-4EC1-87F4-D896276AB1E1}.Debug|x64.Build.0 = Debug|x64
		{5E70CAAF-437F-4EC1-87F4-D896276AB1E1}.Release|Win32.ActiveCfg = Release|Win32
		{5E70CAAF-437F-4EC1-87F4-D896276AB1E1}.Release|Win32.Build.0 = Release|Win32
		{5E70CAAF-437F-4EC1-87F4-D896276AB1E1}.Release|x64.ActiveCfg = Release|x64
		{5E70CAAF-437F-4EC1-87F4-D896276AB1E1}.Release|x64.Build.0 = Release|x64
		{A0964D8D-ED36-40CF-BEC8-E7D87457AA97}.Debug|Win32.ActiveCfg = Debug|Win32
		{A0964D8D-ED36-40CF-BEC8-E7D87457AA97}.Debug|Win32.Build.0 = Debug|Win32
		{A0964D8D-ED36-40CF-BEC8-E7D87457AA97}.Debug|x64.ActiveCfg = Debug|x64
		{A0964D8D-ED36-40CF-BEC8-E7D87457AA97}.Debug|x64.Build.0 = Debug|x64
		{A0964D8D-ED36-40CF-BEC8-E7D87457AA97}.Release|Win32.ActiveCfg = Release|Win32
		{A0964D8D-ED36-40CF-BEC8-E7D87457AA97}.Release|Win32.Build.0 = Release|Win32
		{A0964D8D-ED36-40CF-BEC8-E7D87457AA97}.Release|x64.ActiveCfg = Release|x64
		{A0964D8D-ED36-40CF-BEC8-E7D87457AA97}.Release|x64.Build.0 = Release|x64
		{DDFDFF9B-08DB-4806-B66B-9A488E9891A7}.Debug|Win32.ActiveCfg = Debug|Win32
		{DDFDFF9B-08DB-4806-B66B-9A488E9891A7}.Debug|Win32.Build.0 = Debug|Win32
		{DDFDFF9B-08DB-4806-B66B-9A488E9891A7}.Debug|x64.ActiveCfg = Debug|x64
		{DDFDFF9B-08DB-4806-B66B-9A488E9891A7}.Debug|x64.Build.0 = Debug|x64
		{DDFDFF9B-08DB-4806-B66B-9A488E9891A7}.Release|Win32.ActiveCfg = Release|Win32
		{DDFDFF9B-08DB-4806-B66B-9A488E9891A7}.Release|Win32.Build.0 = Release|Win32
		{DDFDFF9B-08DB-4806-B66B-9A488E9891A7}.Release|x64.ActiveCfg = Release|x64
		{DDFDFF9B-08DB-4806-B66B-9A488E9891A7}.Release|x64.Build.0 = Release|x64
		{0CD436F0-29A0-441A-B448-1FDA9825EBE6}.Debug|Win32.ActiveCfg = Debug|Win32
		{0CD436F0-29A0-441A-B448-1FDA9825EBE6}.Debug|Win32.Build.0 = Debug|Win32
		{0CD436F0-29A0-441A-B448-1FDA9825EBE6}.Debug|x64.ActiveCfg = Debug|x64
		{0CD436F0-29A0-441A-B448-1FDA9825EBE6}.Debug|x64.Build.0 = Debug|x64
		{0CD436F0-29A0-441A-B448-1FDA9825EBE6}.Release|Win32.ActiveCfg = Release|Win32
		{0CD436F0-29A0-441A-B448-1FDA9825EBE6}.Release|Win32.Build.0 = Release|Win32
		{0CD436F0-29A0-441A-B448-1FDA9825EBE6}.Release|x64.ActiveCfg = Release|x64
		{0CD436F0-29A0-441A-B448-1FDA9825EBE6}.Release|x64.Build.0 = Release|x64
		{98E90475-015E-4D21-BA6D-740ECFE28D54}.Debug|Win32.ActiveCfg = Debug|Win32
		{98E90475-015E-4D21-BA6D-740ECFE28D54}.Debug|Win32.Build.0 = Debug|Win32
		{98E90475-015E-4D21-BA6D-740ECFE28D54}.Debug|x64.ActiveCfg = Debug|x64
		{98E90475-015E-4D21-BA6D-740ECFE28D54}.Debug|x64.Build.0 = Debug|x64
		{98E90475-015E-4D21-BA6D-740ECFE28D54}.Release|Win32.ActiveCfg = Release|Win32
		{98E90475-015E-4D21-BA6D-740ECFE28D54}.Release|Win32.Build.0 = Release|Win32
		{98E90475-015E-4D21-BA6D-740ECFE28D54}.Release|x64.ActiveCfg = Release|x64
		{98E90475-015E-4D21-BA6D-740ECFE28D54}.Release|x64.Build.0 = Release|x64
		{DDF26693-559C-49A6-861C-87A14B9D2A7B}.Debug|Win32.ActiveCfg = Debug|Win32
		{DDF26693-559C-49A6-861C-87A14B9D2A7B}.Debug|Win32.Build.0 = Debug|Win32
		{DDF26693-559C-49A6-861C-87A14B9D2A7B}.Debug|x64.ActiveCfg = Debug|x64
		{DDF26693-559C-49A6-861C-87A14B9D2A7B}.Debug|x64.Build.0 = Debug|x64
		{DDF26693-559C-49A6-861C-87A14B9D2A7B}.Release|Win32.ActiveCfg = Release|Win32
		{DDF26693-559C-49A6-861C-87A14B9D2A7B}.Release|Win32.Build.0 = Release|Win32
		{DDF26693-559C-49A6-861C-87A14B9D2A7B}.Release|x64.ActiveCfg = Release|x64
		{DDF26693-559C-49A6-861C-87A14B9D2A7B}.Release|x64.Build.0 = Release|x64
		{5E117257-24E9-4EFA-9739-FE3A1BC81600}.Debug|Win32.ActiveCfg = Debug|Win32
		{5E117257-24E9-4EFA-9739-FE3A1BC81600}.Debug|Win32.Build.0 = Debug|Win32
		{5E117257-24E9-4EFA-9739-FE3A1BC81600}.Debug|x64.ActiveCfg = Debug|x64
		{5E117257-24E9-4EFA-9739-FE3A1BC81600}.Debug|x64.Build.0 = Debug|x64
		{5E117257-24E9-4EFA-9739-FE3A1BC81600}.Release|Win32.ActiveCfg = Release|Win32
		{5E117257-24E9-4EFA-9739-FE3A1BC81600}.Release|Win32.Build.0 = Release|Win32
		{5E117257-24E9-4EFA-9739-FE3A1BC81600}.Release|x64.ActiveCfg = Release|x64
		{5E117257-24E9-4EFA-9739-FE3A1BC81600}.Release|x64.Build.0 = Release|x64
		{EDD6C800-3D37-49EF-8115-B50FF1FB0688}.Debug|Win32.ActiveCfg = Debug|Win32
		{EDD6C800-3D37-49EF-8115-B50FF1FB0688}.Debug|Win32.Build.0 = Debug|Win32
		{EDD6C800-3D37-49EF-8115-B50FF1FB0688}.Debug|x64.ActiveCfg = Debug|x64
		{EDD6C800-3D37-49EF-8115-B50FF1FB0688}.Debug|x64.Build.0 = Debug|x64
		{EDD6C800-3D37-49EF-8115-B50FF1FB0688}.Release|Win32.ActiveCfg = Release|Win32
		{EDD6C800-3D37-49EF-8115-B50FF1FB0688}.Release|Win32.Build.0 = Release|Win32
		{EDD6C800-3D37-49EF-8115-B50FF1FB0688}.Release|x64.ActiveCfg = Release|x64
		{EDD6C800-3D37-49EF-8115-B50FF1FB0688}.Release|x64.Build.0 = Release|x64
		{9C6C2694-D1FE-42DC-A128-D21A1C3E7E77}.Debug|Win32.ActiveCfg = Debug|Win32
		{9C6C2694-D1FE-42DC-A128-D21A1C3E7E77}.Debug|Win32.Build.0 = Debug|Win32
		{9C6C2694-D1FE-42DC-A128-D21A1C3E7E77}.Debug|x64.ActiveCfg = Debug|x64
		{9C6C2694-D1FE-42DC-A128-D21A1C3E7E77}.Debug|x64.Build.0 = Debug|x64
		{9C6C2694-D1FE-42DC-A128-D21A1C3E7E77}.Release|Win32.ActiveCfg = Release|Win32
		{9C6C2694-D1FE-42DC-A128-D21A1C3E7E77}.Release|Win32.Build.0 = Release|Win32
		{9C6C2694-D1FE-42DC-A128-D21A1C3E7E77}.Release|x64.ActiveCfg = Release|x64
		{9C6C2694-D1FE-42DC-A128-D21A1C3E7E77}.Release|x64.Build.0 = Release|x64
		{5BAF05ED-2A4A-4F0D-BB7C-E7F2D006C7A2}.Debug|Win32.ActiveCfg = Debug|Win32
		{5BAF05ED-2A4A-4F0D-BB7C-E7F2D006C7A2}.Debug|Win32.Build.0 = Debug|Win32
		{5BAF05ED-2A4A-4F0D-BB7C-E7F2D006C7A2}.Debug|x64.ActiveCfg = Debug|x64
		{5BAF05ED-2A4A-4F0D-BB7C-E7F2D006C7A2}.Debug|x64.Build.0 = Debug|x64
		{5BAF05ED-2A4A-4F0D-BB7C-E7F2D006C7A2}.Release|Win32.ActiveCfg = Release|Win32
		{5BAF05ED-2A4A-4F0D-BB7C-E7F2D006C7A2}.Release|Win32.Build.0 = Release|Win32
		{5BAF05ED-2A4A-4F0D-BB7C-E7F2D006C7A2}.Release|x64.ActiveCfg = Release|x64
		{5BAF05ED-2A4A-4F0D-BB7C-E7F2D006C7A2}.Release|x64.Build.0 = Release|x64
		{E3D8AC30-C48D-4522-B892-958B2475DDB5}.Debug|Win32.ActiveCfg = Debug|Win32
		{E3D8AC30-C48D-4522-B892-958B2475DDB5}.Debug|Win32.Build.0 = Debug|Win32
		{E3D8AC30-C48D-4522-B892-958B2475DDB5}.Debug|x64.ActiveCfg = Debug|x64
		{E3D8AC30-C48D-4522-B892-958B2475DDB5}.Debug|x64.Build.0 = Debug|x64
		{E3D8AC30-C48D-4522-B892-958B2475DDB5}.Release|Win32.ActiveCfg = Release|Win32
		{E3D8AC30-C48D-4522-B892-958B2475DDB5}.Release|Win32.Build.0 = Release|Win32
		{E3D8AC30-C48D-4522-B892-958B2475DDB5}.Release|x64.ActiveCfg = Release|x64
		{E3D8AC30-C48D-4522-B892-958B2475DDB5}.Release|x64.Build.0 = Release|x64
	EndGlobalSection
	GlobalSection(SolutionProperties) = preSolution
		HideSolutionNode = FALSE
	EndGlobalSection
	GlobalSection(NestedProjects) = preSolution
		{056C59D4-CE8D-459D-B160-4986718B2FC7} = {C292CA0F-C580-488A-B7CD-8DF1A0D2BEB4}
		{71A30509-C347-4515-89F9-8618F88039CB} = {C292CA0F-C580-488A-B7CD-8DF1A0D2BEB4}
		{3A5A189F-11DA-4C93-9861-D47AE5D892FC} = {C292CA0F-C580-488A-B7CD-8DF1A0D2BEB4}
		{1667E2B6-ECEA-4BCE-9824-4E33C4899B72} = {C292CA0F-C580-488A-B7CD-8DF1A0D2BEB4}
		{B72C080E-F1E3-4CD4-9107-4871BAFF6183} = {C292CA0F-C580-488A-B7CD-8DF1A0D2BEB4}
		{5E117257-24E9-4EFA-9739-FE3A1BC81600} = {C292CA0F-C580-488A-B7CD-8DF1A0D2BEB4}
		{EDD6C800-3D37-49EF-8115-B50FF1FB0688} = {C292CA0F-C580-488A-B7CD-8DF1A0D2BEB4}
		{9C6C2694-D1FE-42DC-A128-D21A1C3E7E77} = {C292CA0F-C580-488A-B7CD-8DF1A0D2BEB4}
		{5BAF05ED-2A4A-4F0D-BB7C-E7F2D006C7A2} = {C292CA0F-C580-488A-B7CD-8DF1A0D2BEB4}
		{E3D8AC30-C48D-4522-B892-958B2475DDB5} = {C292CA0F-C580-488A-B7CD-8DF1A0D2BEB4}
	EndGlobalSection
EndGlobal
