<?xml version="1.0" encoding="utf-8"?>
<Project ToolsVersion="4.0" xmlns="http://schemas.microsoft.com/developer/msbuild/2003">
  <ItemGroup>
    <Filter Include="Source Files">
      <UniqueIdentifier>{4FC737F1-C7A5-4376-A066-2A32D752A2FF}</UniqueIdentifier>
      <Extensions>cpp;c;cc;cxx;def;odl;idl;hpj;bat;asm;asmx</Extensions>
    </Filter>
    <Filter Include="Header Files">
      <UniqueIdentifier>{93995380-89BD-4b04-88EB-625FBE52EBFB}</UniqueIdentifier>
      <Extensions>h;hh;hpp;hxx;hm;inl;inc;xsd</Extensions>
    </Filter>
    <Filter Include="Resource Files">
      <UniqueIdentifier>{67DA6AB6-F800-4c08-8B7A-83BB121AAD01}</UniqueIdentifier>
      <Extensions>rc;ico;cur;bmp;dlg;rc2;rct;bin;rgs;gif;jpg;jpeg;jpe;resx;tiff;tif;png;wav;mfcribbon-ms</Extensions>
    </Filter>
    <Filter Include="Header Files\include">
      <UniqueIdentifier>{912e8a6a-4e88-4e2d-963a-ffc0f3c97aa3}</UniqueIdentifier>
    </Filter>
    <Filter Include="Header Files\win32">
      <UniqueIdentifier>{84f9b944-5498-4930-903b-d704b2e39035}</UniqueIdentifier>
    </Filter>
    <Filter Include="Source Files\win32">
      <UniqueIdentifier>{a5fdcb0c-350c-4ad9-a007-5e7b48283302}</UniqueIdentifier>
    </Filter>
  </ItemGroup>
  <ItemGroup>
    <ClInclude Include="..\..\include\pcre.h">
      <Filter>Header Files\include</Filter>
    </ClInclude>
    <ClInclude Include="..\..\pcre_internal.h">
      <Filter>Header Files</Filter>
    </ClInclude>
    <ClInclude Include="..\..\ucp.h">
      <Filter>Header Files</Filter>
    </ClInclude>
    <ClInclude Include="..\..\win32\config.h">
      <Filter>Header Files\win32</Filter>
    </ClInclude>
  </ItemGroup>
  <ItemGroup>
    <ClCompile Include="..\..\pcre_byte_order.c">
      <Filter>Source Files</Filter>
    </ClCompile>
    <ClCompile Include="..\..\pcre_compile.c">
      <Filter>Source Files</Filter>
    </ClCompile>
    <ClCompile Include="..\..\pcre_config.c">
      <Filter>Source Files</Filter>
    </ClCompile>
    <ClCompile Include="..\..\pcre_dfa_exec.c">
      <Filter>Source Files</Filter>
    </ClCompile>
    <ClCompile Include="..\..\pcre_exec.c">
      <Filter>Source Files</Filter>
    </ClCompile>
    <ClCompile Include="..\..\pcre_fullinfo.c">
      <Filter>Source Files</Filter>
    </ClCompile>
    <ClCompile Include="..\..\pcre_get.c">
      <Filter>Source Files</Filter>
    </ClCompile>
    <ClCompile Include="..\..\pcre_globals.c">
      <Filter>Source Files</Filter>
    </ClCompile>
    <ClCompile Include="..\..\pcre_jit_compile.c">
      <Filter>Source Files</Filter>
    </ClCompile>
    <ClCompile Include="..\..\pcre_maketables.c">
      <Filter>Source Files</Filter>
    </ClCompile>
    <ClCompile Include="..\..\pcre_newline.c">
      <Filter>Source Files</Filter>
    </ClCompile>
    <ClCompile Include="..\..\pcre_ord2utf8.c">
      <Filter>Source Files</Filter>
    </ClCompile>
    <ClCompile Include="..\..\pcre_refcount.c">
      <Filter>Source Files</Filter>
    </ClCompile>
    <ClCompile Include="..\..\pcre_string_utils.c">
      <Filter>Source Files</Filter>
    </ClCompile>
    <ClCompile Include="..\..\pcre_study.c">
      <Filter>Source Files</Filter>
    </ClCompile>
    <ClCompile Include="..\..\pcre_tables.c">
      <Filter>Source Files</Filter>
    </ClCompile>
    <ClCompile Include="..\..\pcre_ucd.c">
      <Filter>Source Files</Filter>
    </ClCompile>
    <ClCompile Include="..\..\pcre_valid_utf8.c">
      <Filter>Source Files</Filter>
    </ClCompile>
    <ClCompile Include="..\..\pcre_version.c">
      <Filter>Source Files</Filter>
    </ClCompile>
    <ClCompile Include="..\..\pcre_xclass.c">
      <Filter>Source Files</Filter>
    </ClCompile>
    <ClCompile Include="..\..\win32\pcre_chartables.c">
      <Filter>Source Files\win32</Filter>
    </ClCompile>
  </ItemGroup>
  <ItemGroup>
    <ResourceCompile Include="..\..\win32\libpcre.rc">
      <Filter>Resource Files</Filter>
    </ResourceCompile>
  </ItemGroup>
</Project>